
Microsoft Visual Studio Solution File, Format Version 12.00
# Visual Studio Version 17
VisualStudioVersion = 17.11.35312.102
MinimumVisualStudioVersion = 10.0.40219.1
Project("{FAE04EC0-301F-11D3-BF4B-00C04F79EFBC}") = "APIGatewayMediLabo", "APIGatewayMediLabo.csproj", "{B6E43F94-9188-442D-9A5D-17D2278AB830}"
EndProject
Project("{9A19103F-16F7-4668-BE54-9A1E7A4F7556}") = "APIDatabaseAuthenticationMediLabo", "..\APIDatabaseAuthenticationMediLabo\APIDatabaseAuthenticationMediLabo.csproj", "{965CDA96-7DA2-475B-B800-7A46BD1AFD4A}"
EndProject
Global
	GlobalSection(SolutionConfigurationPlatforms) = preSolution
		Debug|Any CPU = Debug|Any CPU
		Release|Any CPU = Release|Any CPU
	EndGlobalSection
	GlobalSection(ProjectConfigurationPlatforms) = postSolution
		{B6E43F94-9188-442D-9A5D-17D2278AB830}.Debug|Any CPU.ActiveCfg = Debug|Any CPU
		{B6E43F94-9188-442D-9A5D-17D2278AB830}.Debug|Any CPU.Build.0 = Debug|Any CPU
		{B6E43F94-9188-442D-9A5D-17D2278AB830}.Release|Any CPU.ActiveCfg = Release|Any CPU
		{B6E43F94-9188-442D-9A5D-17D2278AB830}.Release|Any CPU.Build.0 = Release|Any CPU
		{965CDA96-7DA2-475B-B800-7A46BD1AFD4A}.Debug|Any CPU.ActiveCfg = Debug|Any CPU
		{965CDA96-7DA2-475B-B800-7A46BD1AFD4A}.Debug|Any CPU.Build.0 = Debug|Any CPU
		{965CDA96-7DA2-475B-B800-7A46BD1AFD4A}.Release|Any CPU.ActiveCfg = Release|Any CPU
		{965CDA96-7DA2-475B-B800-7A46BD1AFD4A}.Release|Any CPU.Build.0 = Release|Any CPU
	EndGlobalSection
	GlobalSection(SolutionProperties) = preSolution
		HideSolutionNode = FALSE
	EndGlobalSection
	GlobalSection(ExtensibilityGlobals) = postSolution
		SolutionGuid = {6E32BF05-1F26-485D-A2BD-90645517842F}
	EndGlobalSection
EndGlobal
