
Microsoft Visual Studio Solution File, Format Version 12.00
# Visual Studio Version 17
VisualStudioVersion = 17.11.35312.102
MinimumVisualStudioVersion = 10.0.40219.1
Project("{FAE04EC0-301F-11D3-BF4B-00C04F79EFBC}") = "APIInformationsPatient", "APIInformationsPatient.csproj", "{D7324183-E349-4ABE-A989-B03F9C0AE881}"
EndProject
Global
	GlobalSection(SolutionConfigurationPlatforms) = preSolution
		Debug|Any CPU = Debug|Any CPU
		Release|Any CPU = Release|Any CPU
	EndGlobalSection
	GlobalSection(ProjectConfigurationPlatforms) = postSolution
		{D7324183-E349-4ABE-A989-B03F9C0AE881}.Debug|Any CPU.ActiveCfg = Debug|Any CPU
		{D7324183-E349-4ABE-A989-B03F9C0AE881}.Debug|Any CPU.Build.0 = Debug|Any CPU
		{D7324183-E349-4ABE-A989-B03F9C0AE881}.Release|Any CPU.ActiveCfg = Release|Any CPU
		{D7324183-E349-4ABE-A989-B03F9C0AE881}.Release|Any CPU.Build.0 = Release|Any CPU
	EndGlobalSection
	GlobalSection(SolutionProperties) = preSolution
		HideSolutionNode = FALSE
	EndGlobalSection
	GlobalSection(ExtensibilityGlobals) = postSolution
		SolutionGuid = {3D46B27C-9531-4781-8878-E81D1B72F2AE}
	EndGlobalSection
EndGlobal
