
Microsoft Visual Studio Solution File, Format Version 12.00
# Visual Studio Version 17
VisualStudioVersion = 17.11.35312.102
MinimumVisualStudioVersion = 10.0.40219.1
Project("{9A19103F-16F7-4668-BE54-9A1E7A4F7556}") = "APIMedilabo", "APIMedilabo.csproj", "{CC93DB5E-8044-4497-BBC1-8FEDDF83117B}"
EndProject
Project("{9A19103F-16F7-4668-BE54-9A1E7A4F7556}") = "APIGatewayMediLabo", "..\APIGatewayMediLabo\APIGatewayMediLabo.csproj", "{B2444C1D-D4A8-4BD6-B7EC-873452AF8324}"
EndProject
Project("{9A19103F-16F7-4668-BE54-9A1E7A4F7556}") = "APIInformationsPatient", "..\APIInformationsPatient\APIInformationsPatient.csproj", "{3B750348-F757-4E13-8E93-F14800037654}"
EndProject
Project("{9A19103F-16F7-4668-BE54-9A1E7A4F7556}") = "APIAuthenticationMediLabo", "..\APIAuthenticationMediLabo\APIAuthenticationMediLabo.csproj", "{EB504746-2CE4-4E9A-B077-7DC10149DC40}"
EndProject
Project("{9A19103F-16F7-4668-BE54-9A1E7A4F7556}") = "FrontPatient", "..\FrontPatient\FrontPatient.csproj", "{C6AEC485-4DFF-476D-8D77-3919CEBE79FE}"
EndProject
Project("{9A19103F-16F7-4668-BE54-9A1E7A4F7556}") = "APINotesHistoPatientsMedilabo", "..\APINotesHistoPatientsMedilabo\APINotesHistoPatientsMedilabo.csproj", "{3BA0E4C9-CF8F-4757-B991-A6AF2738A2E1}"
EndProject
Project("{FAE04EC0-301F-11D3-BF4B-00C04F79EFBC}") = "APIRapportPatient", "..\APIRapportPatient\APIRapportPatient.csproj", "{F15C7A11-20BF-4CB0-8851-70CE8525C6C0}"
EndProject
Global
	GlobalSection(SolutionConfigurationPlatforms) = preSolution
		Debug|Any CPU = Debug|Any CPU
		Release|Any CPU = Release|Any CPU
	EndGlobalSection
	GlobalSection(ProjectConfigurationPlatforms) = postSolution
		{CC93DB5E-8044-4497-BBC1-8FEDDF83117B}.Debug|Any CPU.ActiveCfg = Debug|Any CPU
		{CC93DB5E-8044-4497-BBC1-8FEDDF83117B}.Debug|Any CPU.Build.0 = Debug|Any CPU
		{CC93DB5E-8044-4497-BBC1-8FEDDF83117B}.Release|Any CPU.ActiveCfg = Release|Any CPU
		{CC93DB5E-8044-4497-BBC1-8FEDDF83117B}.Release|Any CPU.Build.0 = Release|Any CPU
		{B2444C1D-D4A8-4BD6-B7EC-873452AF8324}.Debug|Any CPU.ActiveCfg = Debug|Any CPU
		{B2444C1D-D4A8-4BD6-B7EC-873452AF8324}.Debug|Any CPU.Build.0 = Debug|Any CPU
		{B2444C1D-D4A8-4BD6-B7EC-873452AF8324}.Release|Any CPU.ActiveCfg = Release|Any CPU
		{B2444C1D-D4A8-4BD6-B7EC-873452AF8324}.Release|Any CPU.Build.0 = Release|Any CPU
		{3B750348-F757-4E13-8E93-F14800037654}.Debug|Any CPU.ActiveCfg = Debug|Any CPU
		{3B750348-F757-4E13-8E93-F14800037654}.Debug|Any CPU.Build.0 = Debug|Any CPU
		{3B750348-F757-4E13-8E93-F14800037654}.Release|Any CPU.ActiveCfg = Release|Any CPU
		{3B750348-F757-4E13-8E93-F14800037654}.Release|Any CPU.Build.0 = Release|Any CPU
		{EB504746-2CE4-4E9A-B077-7DC10149DC40}.Debug|Any CPU.ActiveCfg = Debug|Any CPU
		{EB504746-2CE4-4E9A-B077-7DC10149DC40}.Debug|Any CPU.Build.0 = Debug|Any CPU
		{EB504746-2CE4-4E9A-B077-7DC10149DC40}.Release|Any CPU.ActiveCfg = Release|Any CPU
		{EB504746-2CE4-4E9A-B077-7DC10149DC40}.Release|Any CPU.Build.0 = Release|Any CPU
		{C6AEC485-4DFF-476D-8D77-3919CEBE79FE}.Debug|Any CPU.ActiveCfg = Debug|Any CPU
		{C6AEC485-4DFF-476D-8D77-3919CEBE79FE}.Debug|Any CPU.Build.0 = Debug|Any CPU
		{C6AEC485-4DFF-476D-8D77-3919CEBE79FE}.Release|Any CPU.ActiveCfg = Release|Any CPU
		{C6AEC485-4DFF-476D-8D77-3919CEBE79FE}.Release|Any CPU.Build.0 = Release|Any CPU
		{3BA0E4C9-CF8F-4757-B991-A6AF2738A2E1}.Debug|Any CPU.ActiveCfg = Debug|Any CPU
		{3BA0E4C9-CF8F-4757-B991-A6AF2738A2E1}.Debug|Any CPU.Build.0 = Debug|Any CPU
		{3BA0E4C9-CF8F-4757-B991-A6AF2738A2E1}.Release|Any CPU.ActiveCfg = Release|Any CPU
		{3BA0E4C9-CF8F-4757-B991-A6AF2738A2E1}.Release|Any CPU.Build.0 = Release|Any CPU
		{F15C7A11-20BF-4CB0-8851-70CE8525C6C0}.Debug|Any CPU.ActiveCfg = Debug|Any CPU
		{F15C7A11-20BF-4CB0-8851-70CE8525C6C0}.Debug|Any CPU.Build.0 = Debug|Any CPU
		{F15C7A11-20BF-4CB0-8851-70CE8525C6C0}.Release|Any CPU.ActiveCfg = Release|Any CPU
		{F15C7A11-20BF-4CB0-8851-70CE8525C6C0}.Release|Any CPU.Build.0 = Release|Any CPU
	EndGlobalSection
	GlobalSection(SolutionProperties) = preSolution
		HideSolutionNode = FALSE
	EndGlobalSection
	GlobalSection(ExtensibilityGlobals) = postSolution
		SolutionGuid = {2AA4507D-8F81-4F4C-8941-E985E1372601}
	EndGlobalSection
EndGlobal
